# THIS IS AN AUTOGENERATED FILE. DO NOT EDIT THIS FILE DIRECTLY.
# yarn lockfile v1


"@types/chrome@^0.1.38":
  version "0.1.38"
  resolved "https://registry.yarnpkg.com/@types/chrome/-/chrome-0.1.38.tgz#b12542e4e3ff250e8cb228afa8a9f9797e35d463"
  integrity sha512-5aK4m9wZqoWAoB98aElESLm/5pXpqJnFWMNoiCs/XdPsXR6wNdVkJFSdQ9Wr4PnTuUrxD0SuNuDHh3EG5QeBzA==
  dependencies:
    "@types/filesystem" "*"
    "@types/har-format" "*"

"@types/filesystem@*":
  version "0.0.36"
  resolved "https://registry.yarnpkg.com/@types/filesystem/-/filesystem-0.0.36.tgz#7227c2d76bfed1b21819db310816c7821d303857"
  integrity sha512-vPDXOZuannb9FZdxgHnqSwAG/jvdGM8Wq+6N4D/d80z+D4HWH+bItqsZaVRQykAn6WEVeEkLm2oQigyHtgb0RA==
  dependencies:
    "@types/filewriter" "*"

"@types/filewriter@*":
  version "0.0.33"
  resolved "https://registry.yarnpkg.com/@types/filewriter/-/filewriter-0.0.33.tgz#d9d611db9d9cd99ae4e458de420eeb64ad604ea8"
  integrity sha512-xFU8ZXTw4gd358lb2jw25nxY9QAgqn2+bKKjKOYfNCzN4DKCFetK7sPtrlpg66Ywe3vWY9FNxprZawAh9wfJ3g==

"@types/har-format@*":
  version "1.2.16"
  resolved "https://registry.yarnpkg.com/@types/har-format/-/har-format-1.2.16.tgz#b71ede8681400cc08b3685f061c31e416cf94944"
  integrity sha512-fluxdy7ryD3MV6h8pTfTYpy/xQzCFC7m89nOH9y94cNqJ1mDIDPut7MnRHI3F6qRmh/cT2fUjG1MLdCNb4hE9A==

typescript@^6.0.2:
  version "6.0.2"
  resolved "https://registry.yarnpkg.com/typescript/-/typescript-6.0.2.tgz#0b1bfb15f68c64b97032f3d78abbf98bdbba501f"
  integrity sha512-bGdAIrZ0wiGDo5l8c++HWtbaNCWTS4UTv7RaTH/ThVIgjkveJt83m74bBHMJkuCbslY8ixgLBVZJIOiQlQTjfQ==
